
Microsoft Visual Studio Solution File, Format Version 12.00
# Visual Studio 2013
VisualStudioVersion = 12.0.31101.0
MinimumVisualStudioVersion = 10.0.40219.1
Project("{FAE04EC0-301F-11D3-BF4B-00C04F79EFBC}") = "01.NumbersFrom1ToN", "NumbersFrom1ToN\01.NumbersFrom1ToN.csproj", "{3D7F4CAB-2D50-4A1E-A166-A5D1B27025F7}"
EndProject
Project("{FAE04EC0-301F-11D3-BF4B-00C04F79EFBC}") = "02.NumbersNotDivisibleBy3and7", "NumbersNotDivisibleBy3and7\02.NumbersNotDivisibleBy3and7.csproj", "{CC59A682-1293-4C8E-9513-9066EB76B3D5}"
EndProject
Project("{FAE04EC0-301F-11D3-BF4B-00C04F79EFBC}") = "03.MinMaxSumAndAverageOfNNumbers", "MinMaxSumAndAverageOfNNumbers\03.MinMaxSumAndAverageOfNNumbers.csproj", "{AAFEAAA5-9A75-4030-BEFB-F58B1BA59016}"
EndProject
Project("{FAE04EC0-301F-11D3-BF4B-00C04F79EFBC}") = "04.PrintDeckOf52Cards", "PrintDeckOf52Cards\04.PrintDeckOf52Cards.csproj", "{27E1D30F-878A-4A14-A683-49B2D1B49F2A}"
EndProject
Project("{FAE04EC0-301F-11D3-BF4B-00C04F79EFBC}") = "05.Calculate", "Calculate\05.Calculate.csproj", "{0D58F0AD-5C42-4733-85DD-C3449EA60D63}"
EndProject
Project("{FAE04EC0-301F-11D3-BF4B-00C04F79EFBC}") = "06.CalculateDivadeFactoriel", "CalculateDivadeFactoriel\06.CalculateDivadeFactoriel.csproj", "{2D7514A2-0000-46EE-B764-30968B93B1F6}"
EndProject
Project("{FAE04EC0-301F-11D3-BF4B-00C04F79EFBC}") = "07.CalculateN", "CalculateN\07.CalculateN.csproj", "{F37B772A-C734-4F88-A433-8077A07DC569}"
EndProject
Project("{FAE04EC0-301F-11D3-BF4B-00C04F79EFBC}") = "08.CatalanNumbers", "CatalanNumbers\08.CatalanNumbers.csproj", "{8C03DCD7-EA5E-4155-9380-A3D93FC292A1}"
EndProject
Project("{FAE04EC0-301F-11D3-BF4B-00C04F79EFBC}") = "09.MatrixOfNumbers", "MatrixOfNumbers\09.MatrixOfNumbers.csproj", "{17EB51B9-0758-43CC-A19A-9BD073D76922}"
EndProject
Project("{FAE04EC0-301F-11D3-BF4B-00C04F79EFBC}") = "10.OddAndEvenProduct", "OddAndEvenProduct\10.OddAndEvenProduct.csproj", "{3832D671-7DBA-4DDC-AAE7-B60FE766A09C}"
EndProject
Project("{FAE04EC0-301F-11D3-BF4B-00C04F79EFBC}") = "11.RandomNumbersInGivenRange", "RandomNumbersInGivenRange\11.RandomNumbersInGivenRange.csproj", "{2EDE8B8C-F5C2-4832-969B-C5482D1A88D8}"
EndProject
Project("{FAE04EC0-301F-11D3-BF4B-00C04F79EFBC}") = "13.BinaryToDecimalNumber", "BinaryToDecimalNumber\13.BinaryToDecimalNumber.csproj", "{336984BC-60AC-41DF-B5BC-0E9E5D429C2E}"
EndProject
Project("{FAE04EC0-301F-11D3-BF4B-00C04F79EFBC}") = "14.DecimalToBinaryNumber", "DecimalToBinaryNumber\14.DecimalToBinaryNumber.csproj", "{EA0DD79B-6853-4FD0-919A-A89F5A062E43}"
EndProject
Project("{FAE04EC0-301F-11D3-BF4B-00C04F79EFBC}") = "15.HexadecimalToDecimalNumber", "HexadecimalToDecimalNumber\15.HexadecimalToDecimalNumber.csproj", "{9ACA68AC-DDB7-477E-B1E6-B72ED2AEE075}"
EndProject
Project("{FAE04EC0-301F-11D3-BF4B-00C04F79EFBC}") = "16.DecimalToHexadecimalNumber", "DecimalToHexadecimalNumber\16.DecimalToHexadecimalNumber.csproj", "{60706C3C-5426-4226-88F3-E3B3E6B1055B}"
EndProject
Global
	GlobalSection(SolutionConfigurationPlatforms) = preSolution
		Debug|Any CPU = Debug|Any CPU
		Release|Any CPU = Release|Any CPU
	EndGlobalSection
	GlobalSection(ProjectConfigurationPlatforms) = postSolution
		{3D7F4CAB-2D50-4A1E-A166-A5D1B27025F7}.Debug|Any CPU.ActiveCfg = Debug|Any CPU
		{3D7F4CAB-2D50-4A1E-A166-A5D1B27025F7}.Debug|Any CPU.Build.0 = Debug|Any CPU
		{3D7F4CAB-2D50-4A1E-A166-A5D1B27025F7}.Release|Any CPU.ActiveCfg = Release|Any CPU
		{3D7F4CAB-2D50-4A1E-A166-A5D1B27025F7}.Release|Any CPU.Build.0 = Release|Any CPU
		{CC59A682-1293-4C8E-9513-9066EB76B3D5}.Debug|Any CPU.ActiveCfg = Debug|Any CPU
		{CC59A682-1293-4C8E-9513-9066EB76B3D5}.Debug|Any CPU.Build.0 = Debug|Any CPU
		{CC59A682-1293-4C8E-9513-9066EB76B3D5}.Release|Any CPU.ActiveCfg = Release|Any CPU
		{CC59A682-1293-4C8E-9513-9066EB76B3D5}.Release|Any CPU.Build.0 = Release|Any CPU
		{AAFEAAA5-9A75-4030-BEFB-F58B1BA59016}.Debug|Any CPU.ActiveCfg = Debug|Any CPU
		{AAFEAAA5-9A75-4030-BEFB-F58B1BA59016}.Debug|Any CPU.Build.0 = Debug|Any CPU
		{AAFEAAA5-9A75-4030-BEFB-F58B1BA59016}.Release|Any CPU.ActiveCfg = Release|Any CPU
		{AAFEAAA5-9A75-4030-BEFB-F58B1BA59016}.Release|Any CPU.Build.0 = Release|Any CPU
		{27E1D30F-878A-4A14-A683-49B2D1B49F2A}.Debug|Any CPU.ActiveCfg = Debug|Any CPU
		{27E1D30F-878A-4A14-A683-49B2D1B49F2A}.Debug|Any CPU.Build.0 = Debug|Any CPU
		{27E1D30F-878A-4A14-A683-49B2D1B49F2A}.Release|Any CPU.ActiveCfg = Release|Any CPU
		{27E1D30F-878A-4A14-A683-49B2D1B49F2A}.Release|Any CPU.Build.0 = Release|Any CPU
		{0D58F0AD-5C42-4733-85DD-C3449EA60D63}.Debug|Any CPU.ActiveCfg = Debug|Any CPU
		{0D58F0AD-5C42-4733-85DD-C3449EA60D63}.Debug|Any CPU.Build.0 = Debug|Any CPU
		{0D58F0AD-5C42-4733-85DD-C3449EA60D63}.Release|Any CPU.ActiveCfg = Release|Any CPU
		{0D58F0AD-5C42-4733-85DD-C3449EA60D63}.Release|Any CPU.Build.0 = Release|Any CPU
		{2D7514A2-0000-46EE-B764-30968B93B1F6}.Debug|Any CPU.ActiveCfg = Debug|Any CPU
		{2D7514A2-0000-46EE-B764-30968B93B1F6}.Debug|Any CPU.Build.0 = Debug|Any CPU
		{2D7514A2-0000-46EE-B764-30968B93B1F6}.Release|Any CPU.ActiveCfg = Release|Any CPU
		{2D7514A2-0000-46EE-B764-30968B93B1F6}.Release|Any CPU.Build.0 = Release|Any CPU
		{F37B772A-C734-4F88-A433-8077A07DC569}.Debug|Any CPU.ActiveCfg = Debug|Any CPU
		{F37B772A-C734-4F88-A433-8077A07DC569}.Debug|Any CPU.Build.0 = Debug|Any CPU
		{F37B772A-C734-4F88-A433-8077A07DC569}.Release|Any CPU.ActiveCfg = Release|Any CPU
		{F37B772A-C734-4F88-A433-8077A07DC569}.Release|Any CPU.Build.0 = Release|Any CPU
		{8C03DCD7-EA5E-4155-9380-A3D93FC292A1}.Debug|Any CPU.ActiveCfg = Debug|Any CPU
		{8C03DCD7-EA5E-4155-9380-A3D93FC292A1}.Debug|Any CPU.Build.0 = Debug|Any CPU
		{8C03DCD7-EA5E-4155-9380-A3D93FC292A1}.Release|Any CPU.ActiveCfg = Release|Any CPU
		{8C03DCD7-EA5E-4155-9380-A3D93FC292A1}.Release|Any CPU.Build.0 = Release|Any CPU
		{17EB51B9-0758-43CC-A19A-9BD073D76922}.Debug|Any CPU.ActiveCfg = Debug|Any CPU
		{17EB51B9-0758-43CC-A19A-9BD073D76922}.Debug|Any CPU.Build.0 = Debug|Any CPU
		{17EB51B9-0758-43CC-A19A-9BD073D76922}.Release|Any CPU.ActiveCfg = Release|Any CPU
		{17EB51B9-0758-43CC-A19A-9BD073D76922}.Release|Any CPU.Build.0 = Release|Any CPU
		{3832D671-7DBA-4DDC-AAE7-B60FE766A09C}.Debug|Any CPU.ActiveCfg = Debug|Any CPU
		{3832D671-7DBA-4DDC-AAE7-B60FE766A09C}.Debug|Any CPU.Build.0 = Debug|Any CPU
		{3832D671-7DBA-4DDC-AAE7-B60FE766A09C}.Release|Any CPU.ActiveCfg = Release|Any CPU
		{3832D671-7DBA-4DDC-AAE7-B60FE766A09C}.Release|Any CPU.Build.0 = Release|Any CPU
		{2EDE8B8C-F5C2-4832-969B-C5482D1A88D8}.Debug|Any CPU.ActiveCfg = Debug|Any CPU
		{2EDE8B8C-F5C2-4832-969B-C5482D1A88D8}.Debug|Any CPU.Build.0 = Debug|Any CPU
		{2EDE8B8C-F5C2-4832-969B-C5482D1A88D8}.Release|Any CPU.ActiveCfg = Release|Any CPU
		{2EDE8B8C-F5C2-4832-969B-C5482D1A88D8}.Release|Any CPU.Build.0 = Release|Any CPU
		{336984BC-60AC-41DF-B5BC-0E9E5D429C2E}.Debug|Any CPU.ActiveCfg = Debug|Any CPU
		{336984BC-60AC-41DF-B5BC-0E9E5D429C2E}.Debug|Any CPU.Build.0 = Debug|Any CPU
		{336984BC-60AC-41DF-B5BC-0E9E5D429C2E}.Release|Any CPU.ActiveCfg = Release|Any CPU
		{336984BC-60AC-41DF-B5BC-0E9E5D429C2E}.Release|Any CPU.Build.0 = Release|Any CPU
		{EA0DD79B-6853-4FD0-919A-A89F5A062E43}.Debug|Any CPU.ActiveCfg = Debug|Any CPU
		{EA0DD79B-6853-4FD0-919A-A89F5A062E43}.Debug|Any CPU.Build.0 = Debug|Any CPU
		{EA0DD79B-6853-4FD0-919A-A89F5A062E43}.Release|Any CPU.ActiveCfg = Release|Any CPU
		{EA0DD79B-6853-4FD0-919A-A89F5A062E43}.Release|Any CPU.Build.0 = Release|Any CPU
		{9ACA68AC-DDB7-477E-B1E6-B72ED2AEE075}.Debug|Any CPU.ActiveCfg = Debug|Any CPU
		{9ACA68AC-DDB7-477E-B1E6-B72ED2AEE075}.Debug|Any CPU.Build.0 = Debug|Any CPU
		{9ACA68AC-DDB7-477E-B1E6-B72ED2AEE075}.Release|Any CPU.ActiveCfg = Release|Any CPU
		{9ACA68AC-DDB7-477E-B1E6-B72ED2AEE075}.Release|Any CPU.Build.0 = Release|Any CPU
		{60706C3C-5426-4226-88F3-E3B3E6B1055B}.Debug|Any CPU.ActiveCfg = Debug|Any CPU
		{60706C3C-5426-4226-88F3-E3B3E6B1055B}.Debug|Any CPU.Build.0 = Debug|Any CPU
		{60706C3C-5426-4226-88F3-E3B3E6B1055B}.Release|Any CPU.ActiveCfg = Release|Any CPU
		{60706C3C-5426-4226-88F3-E3B3E6B1055B}.Release|Any CPU.Build.0 = Release|Any CPU
	EndGlobalSection
	GlobalSection(SolutionProperties) = preSolution
		HideSolutionNode = FALSE
	EndGlobalSection
EndGlobal
